// !$*UTF8*$!
{
	archiveVersion = 1;
	classes = {
	};
	objectVersion = 46;
	objects = {

/* Begin PBXBuildFile section */
		182AB0B31D40120200756E13 /* AppDelegate.swift in Sources */ = {isa = PBXBuildFile; fileRef = 182AB0B21D40120200756E13 /* AppDelegate.swift */; };
		182AB0B51D40120200756E13 /* ViewController.swift in Sources */ = {isa = PBXBuildFile; fileRef = 182AB0B41D40120200756E13 /* ViewController.swift */; };
		182AB0B81D40120200756E13 /* Main.storyboard in Resources */ = {isa = PBXBuildFile; fileRef = 182AB0B61D40120200756E13 /* Main.storyboard */; };
		182AB0BB1D40120200756E13 /* PitchPerfect.xcdatamodeld in Sources */ = {isa = PBXBuildFile; fileRef = 182AB0B91D40120200756E13 /* PitchPerfect.xcdatamodeld */; };
		182AB0BD1D40120200756E13 /* Assets.xcassets in Resources */ = {isa = PBXBuildFile; fileRef = 182AB0BC1D40120200756E13 /* Assets.xcassets */; };
		182AB0C01D40120200756E13 /* LaunchScreen.storyboard in Resources */ = {isa = PBXBuildFile; fileRef = 182AB0BE1D40120200756E13 /* LaunchScreen.storyboard */; };
		182AB0CB1D40120200756E13 /* PitchPerfectTests.swift in Sources */ = {isa = PBXBuildFile; fileRef = 182AB0CA1D40120200756E13 /* PitchPerfectTests.swift */; };
		182AB0D61D40120200756E13 /* PitchPerfectUITests.swift in Sources */ = {isa = PBXBuildFile; fileRef = 182AB0D51D40120200756E13 /* PitchPerfectUITests.swift */; };
/* End PBXBuildFile section */

/* Begin PBXContainerItemProxy section */
		182AB0C71D40120200756E13 /* PBXContainerItemProxy */ = {
			isa = PBXContainerItemProxy;
			containerPortal = 182AB0A71D40120200756E13 /* Project object */;
			proxyType = 1;
			remoteGlobalIDString = 182AB0AE1D40120200756E13;
			remoteInfo = PitchPerfect;
		};
		182AB0D21D40120200756E13 /* PBXContainerItemProxy */ = {
			isa = PBXContainerItemProxy;
			containerPortal = 182AB0A71D40120200756E13 /* Project object */;
			proxyType = 1;
			remoteGlobalIDString = 182AB0AE1D40120200756E13;
			remoteInfo = PitchPerfect;
		};
/* End PBXContainerItemProxy section */

/* Begin PBXFileReference section */
		182AB0AF1D40120200756E13 /* PitchPerfect.app */ = {isa = PBXFileReference; explicitFileType = wrapper.application; includeInIndex = 0; path = PitchPerfect.app; sourceTree = BUILT_PRODUCTS_DIR; };
		182AB0B21D40120200756E13 /* AppDelegate.swift */ = {isa = PBXFileReference; lastKnownFileType = sourcecode.swift; path = AppDelegate.swift; sourceTree = "<group>"; };
		182AB0B41D40120200756E13 /* ViewController.swift */ = {isa = PBXFileReference; lastKnownFileType = sourcecode.swift; path = ViewController.swift; sourceTree = "<group>"; };
		182AB0B71D40120200756E13 /* Base */ = {isa = PBXFileReference; lastKnownFileType = file.storyboard; name = Base; path = Base.lproj/Main.storyboard; sourceTree = "<group>"; };
		182AB0BA1D40120200756E13 /* PitchPerfect.xcdatamodel */ = {isa = PBXFileReference; lastKnownFileType = wrapper.xcdatamodel; path = PitchPerfect.xcdatamodel; sourceTree = "<group>"; };
		182AB0BC1D40120200756E13 /* Assets.xcassets */ = {isa = PBXFileReference; lastKnownFileType = folder.assetcatalog; path = Assets.xcassets; sourceTree = "<group>"; };
		182AB0BF1D40120200756E13 /* Base */ = {isa = PBXFileReference; lastKnownFileType = file.storyboard; name = Base; path = Base.lproj/LaunchScreen.storyboard; sourceTree = "<group>"; };
		182AB0C11D40120200756E13 /* Info.plist */ = {isa = PBXFileReference; lastKnownFileType = text.plist.xml; path = Info.plist; sourceTree = "<group>"; };
		182AB0C61D40120200756E13 /* PitchPerfectTests.xctest */ = {isa = PBXFileReference; explicitFileType = wrapper.cfbundle; includeInIndex = 0; path = PitchPerfectTests.xctest; sourceTree = BUILT_PRODUCTS_DIR; };
		182AB0CA1D40120200756E13 /* PitchPerfectTests.swift */ = {isa = PBXFileReference; lastKnownFileType = sourcecode.swift; path = PitchPerfectTests.swift; sourceTree = "<group>"; };
		182AB0CC1D40120200756E13 /* Info.plist */ = {isa = PBXFileReference; lastKnownFileType = text.plist.xml; path = Info.plist; sourceTree = "<group>"; };
		182AB0D11D40120200756E13 /* PitchPerfectUITests.xctest */ = {isa = PBXFileReference; explicitFileType = wrapper.cfbundle; includeInIndex = 0; path = PitchPerfectUITests.xctest; sourceTree = BUILT_PRODUCTS_DIR; };
		182AB0D51D40120200756E13 /* PitchPerfectUITests.swift */ = {isa = PBXFileReference; lastKnownFileType = sourcecode.swift; path = PitchPerfectUITests.swift; sourceTree = "<group>"; };
		182AB0D71D40120200756E13 /* Info.plist */ = {isa = PBXFileReference; lastKnownFileType = text.plist.xml; path = Info.plist; sourceTree = "<group>"; };
/* End PBXFileReference section */

/* Begin PBXFrameworksBuildPhase section */
		182AB0AC1D40120200756E13 /* Frameworks */ = {
			isa = PBXFrameworksBuildPhase;
			buildActionMask = 2147483647;
			files = (
			);
			runOnlyForDeploymentPostprocessing = 0;
		};
		182AB0C31D40120200756E13 /* Frameworks */ = {
			isa = PBXFrameworksBuildPhase;
			buildActionMask = 2147483647;
			files = (
			);
			runOnlyForDeploymentPostprocessing = 0;
		};
		182AB0CE1D40120200756E13 /* Frameworks */ = {
			isa = PBXFrameworksBuildPhase;
			buildActionMask = 2147483647;
			files = (
			);
			runOnlyForDeploymentPostprocessing = 0;
		};
/* End PBXFrameworksBuildPhase section */

/* Begin PBXGroup section */
		182AB0A61D40120200756E13 = {
			isa = PBXGroup;
			children = (
				182AB0B11D40120200756E13 /* PitchPerfect */,
				182AB0C91D40120200756E13 /* PitchPerfectTests */,
				182AB0D41D40120200756E13 /* PitchPerfectUITests */,
				182AB0B01D40120200756E13 /* Products */,
			);
			sourceTree = "<group>";
		};
		182AB0B01D40120200756E13 /* Products */ = {
			isa = PBXGroup;
			children = (
				182AB0AF1D40120200756E13 /* PitchPerfect.app */,
				182AB0C61D40120200756E13 /* PitchPerfectTests.xctest */,
				182AB0D11D40120200756E13 /* PitchPerfectUITests.xctest */,
			);
			name = Products;
			sourceTree = "<group>";
		};
		182AB0B11D40120200756E13 /* PitchPerfect */ = {
			isa = PBXGroup;
			children = (
				182AB0B21D40120200756E13 /* AppDelegate.swift */,
				182AB0B41D40120200756E13 /* ViewController.swift */,
				182AB0B61D40120200756E13 /* Main.storyboard */,
				182AB0BC1D40120200756E13 /* Assets.xcassets */,
				182AB0BE1D40120200756E13 /* LaunchScreen.storyboard */,
				182AB0C11D40120200756E13 /* Info.plist */,
				182AB0B91D40120200756E13 /* PitchPerfect.xcdatamodeld */,
			);
			path = PitchPerfect;
			sourceTree = "<group>";
		};
		182AB0C91D40120200756E13 /* PitchPerfectTests */ = {
			isa = PBXGroup;
			children = (
				182AB0CA1D40120200756E13 /* PitchPerfectTests.swift */,
				182AB0CC1D40120200756E13 /* Info.plist */,
			);
			path = PitchPerfectTests;
			sourceTree = "<group>";
		};
		182AB0D41D40120200756E13 /* PitchPerfectUITests */ = {
			isa = PBXGroup;
			children = (
				182AB0D51D40120200756E13 /* PitchPerfectUITests.swift */,
				182AB0D71D40120200756E13 /* Info.plist */,
			);
			path = PitchPerfectUITests;
			sourceTree = "<group>";
		};
/* End PBXGroup section */

/* Begin PBXNativeTarget section */
		182AB0AE1D40120200756E13 /* PitchPerfect */ = {
			isa = PBXNativeTarget;
			buildConfigurationList = 182AB0DA1D40120200756E13 /* Build configuration list for PBXNativeTarget "PitchPerfect" */;
			buildPhases = (
				182AB0AB1D40120200756E13 /* Sources */,
				182AB0AC1D40120200756E13 /* Frameworks */,
				182AB0AD1D40120200756E13 /* Resources */,
			);
			buildRules = (
			);
			dependencies = (
			);
			name = PitchPerfect;
			productName = PitchPerfect;
			productReference = 182AB0AF1D40120200756E13 /* PitchPerfect.app */;
			productType = "com.apple.product-type.application";
		};
		182AB0C51D40120200756E13 /* PitchPerfectTests */ = {
			isa = PBXNativeTarget;
			buildConfigurationList = 182AB0DD1D40120200756E13 /* Build configuration list for PBXNativeTarget "PitchPerfectTests" */;
			buildPhases = (
				182AB0C21D40120200756E13 /* Sources */,
				182AB0C31D40120200756E13 /* Frameworks */,
				182AB0C41D40120200756E13 /* Resources */,
			);
			buildRules = (
			);
			dependencies = (
				182AB0C81D40120200756E13 /* PBXTargetDependency */,
			);
			name = PitchPerfectTests;
			productName = PitchPerfectTests;
			productReference = 182AB0C61D40120200756E13 /* PitchPerfectTests.xctest */;
			productType = "com.apple.product-type.bundle.unit-test";
		};
		182AB0D01D40120200756E13 /* PitchPerfectUITests */ = {
			isa = PBXNativeTarget;
			buildConfigurationList = 182AB0E01D40120200756E13 /* Build configuration list for PBXNativeTarget "PitchPerfectUITests" */;
			buildPhases = (
				182AB0CD1D40120200756E13 /* Sources */,
				182AB0CE1D40120200756E13 /* Frameworks */,
				182AB0CF1D40120200756E13 /* Resources */,
			);
			buildRules = (
			);
			dependencies = (
				182AB0D31D40120200756E13 /* PBXTargetDependency */,
			);
			name = PitchPerfectUITests;
			productName = PitchPerfectUITests;
			productReference = 182AB0D11D40120200756E13 /* PitchPerfectUITests.xctest */;
			productType = "com.apple.product-type.bundle.ui-testing";
		};
/* End PBXNativeTarget section */

/* Begin PBXProject section */
		182AB0A71D40120200756E13 /* Project object */ = {
			isa = PBXProject;
			attributes = {
				LastSwiftUpdateCheck = 0730;
				LastUpgradeCheck = 0730;
				ORGANIZATIONNAME = SquirrelTime;
				TargetAttributes = {
					182AB0AE1D40120200756E13 = {
						CreatedOnToolsVersion = 7.3.1;
					};
					182AB0C51D40120200756E13 = {
						CreatedOnToolsVersion = 7.3.1;
						TestTargetID = 182AB0AE1D40120200756E13;
					};
					182AB0D01D40120200756E13 = {
						CreatedOnToolsVersion = 7.3.1;
						TestTargetID = 182AB0AE1D40120200756E13;
					};
				};
			};
			buildConfigurationList = 182AB0AA1D40120200756E13 /* Build configuration list for PBXProject "PitchPerfect" */;
			compatibilityVersion = "Xcode 3.2";
			developmentRegion = English;
			hasScannedForEncodings = 0;
			knownRegions = (
				en,
				Base,
			);
			mainGroup = 182AB0A61D40120200756E13;
			productRefGroup = 182AB0B01D40120200756E13 /* Products */;
			projectDirPath = "";
			projectRoot = "";
			targets = (
				182AB0AE1D40120200756E13 /* PitchPerfect */,
				182AB0C51D40120200756E13 /* PitchPerfectTests */,
				182AB0D01D40120200756E13 /* PitchPerfectUITests */,
			);
		};
/* End PBXProject section */

/* Begin PBXResourcesBuildPhase section */
		182AB0AD1D40120200756E13 /* Resources */ = {
			isa = PBXResourcesBuildPhase;
			buildActionMask = 2147483647;
			files = (
				182AB0C01D40120200756E13 /* LaunchScreen.storyboard in Resources */,
				182AB0BD1D40120200756E13 /* Assets.xcassets in Resources */,
				182AB0B81D40120200756E13 /* Main.storyboard in Resources */,
			);
			runOnlyForDeploymentPostprocessing = 0;
		};
		182AB0C41D40120200756E13 /* Resources */ = {
			isa = PBXResourcesBuildPhase;
			buildActionMask = 2147483647;
			files = (
			);
			runOnlyForDeploymentPostprocessing = 0;
		};
		182AB0CF1D40120200756E13 /* Resources */ = {
			isa = PBXResourcesBuildPhase;
			buildActionMask = 2147483647;
			files = (
			);
			runOnlyForDeploymentPostprocessing = 0;
		};
/* End PBXResourcesBuildPhase section */

/* Begin PBXSourcesBuildPhase section */
		182AB0AB1D40120200756E13 /* Sources */ = {
			isa = PBXSourcesBuildPhase;
			buildActionMask = 2147483647;
			files = (
				182AB0B51D40120200756E13 /* ViewController.swift in Sources */,
				182AB0BB1D40120200756E13 /* PitchPerfect.xcdatamodeld in Sources */,
				182AB0B31D40120200756E13 /* AppDelegate.swift in Sources */,
			);
			runOnlyForDeploymentPostprocessing = 0;
		};
		182AB0C21D40120200756E13 /* Sources */ = {
			isa = PBXSourcesBuildPhase;
			buildActionMask = 2147483647;
			files = (
				182AB0CB1D40120200756E13 /* PitchPerfectTests.swift in Sources */,
			);
			runOnlyForDeploymentPostprocessing = 0;
		};
		182AB0CD1D40120200756E13 /* Sources */ = {
			isa = PBXSourcesBuildPhase;
			buildActionMask = 2147483647;
			files = (
				182AB0D61D40120200756E13 /* PitchPerfectUITests.swift in Sources */,
			);
			runOnlyForDeploymentPostprocessing = 0;
		};
/* End PBXSourcesBuildPhase section */

/* Begin PBXTargetDependency section */
		182AB0C81D40120200756E13 /* PBXTargetDependency */ = {
			isa = PBXTargetDependency;
			target = 182AB0AE1D40120200756E13 /* PitchPerfect */;
			targetProxy = 182AB0C71D40120200756E13 /* PBXContainerItemProxy */;
		};
		182AB0D31D40120200756E13 /* PBXTargetDependency */ = {
			isa = PBXTargetDependency;
			target = 182AB0AE1D40120200756E13 /* PitchPerfect */;
			targetProxy = 182AB0D21D40120200756E13 /* PBXContainerItemProxy */;
		};
/* End PBXTargetDependency section */

/* Begin PBXVariantGroup section */
		182AB0B61D40120200756E13 /* Main.storyboard */ = {
			isa = PBXVariantGroup;
			children = (
				182AB0B71D40120200756E13 /* Base */,
			);
			name = Main.storyboard;
			sourceTree = "<group>";
		};
		182AB0BE1D40120200756E13 /* LaunchScreen.storyboard */ = {
			isa = PBXVariantGroup;
			children = (
				182AB0BF1D40120200756E13 /* Base */,
			);
			name = LaunchScreen.storyboard;
			sourceTree = "<group>";
		};
/* End PBXVariantGroup section */

/* Begin XCBuildConfiguration section */
		182AB0D81D40120200756E13 /* Debug */ = {
			isa = XCBuildConfiguration;
			buildSettings = {
				ALWAYS_SEARCH_USER_PATHS = NO;
				CLANG_ANALYZER_NONNULL = YES;
				CLANG_CXX_LANGUAGE_STANDARD = "gnu++0x";
				CLANG_CXX_LIBRARY = "libc++";
				CLANG_ENABLE_MODULES = YES;
				CLANG_ENABLE_OBJC_ARC = YES;
				CLANG_WARN_BOOL_CONVERSION = YES;
				CLANG_WARN_CONSTANT_CONVERSION = YES;
				CLANG_WARN_DIRECT_OBJC_ISA_USAGE = YES_ERROR;
				CLANG_WARN_EMPTY_BODY = YES;
				CLANG_WARN_ENUM_CONVERSION = YES;
				CLANG_WARN_INT_CONVERSION = YES;
				CLANG_WARN_OBJC_ROOT_CLASS = YES_ERROR;
				CLANG_WARN_UNREACHABLE_CODE = YES;
				CLANG_WARN__DUPLICATE_METHOD_MATCH = YES;
				"CODE_SIGN_IDENTITY[sdk=iphoneos*]" = "iPhone Developer";
				COPY_PHASE_STRIP = NO;
				DEBUG_INFORMATION_FORMAT = dwarf;
				ENABLE_STRICT_OBJC_MSGSEND = YES;
				ENABLE_TESTABILITY = YES;
				GCC_C_LANGUAGE_STANDARD = gnu99;
				GCC_DYNAMIC_NO_PIC = NO;
				GCC_NO_COMMON_BLOCKS = YES;
				GCC_OPTIMIZATION_LEVEL = 0;
				GCC_PREPROCESSOR_DEFINITIONS = (
					"DEBUG=1",
					"$(inherited)",
				);
				GCC_WARN_64_TO_32_BIT_CONVERSION = YES;
				GCC_WARN_ABOUT_RETURN_TYPE = YES_ERROR;
				GCC_WARN_UNDECLARED_SELECTOR = YES;
				GCC_WARN_UNINITIALIZED_AUTOS = YES_AGGRESSIVE;
				GCC_WARN_UNUSED_FUNCTION = YES;
				GCC_WARN_UNUSED_VARIABLE = YES;
				IPHONEOS_DEPLOYMENT_TARGET = 9.3;
				MTL_ENABLE_DEBUG_INFO = YES;
				ONLY_ACTIVE_ARCH = YES;
				SDKROOT = iphoneos;
				SWIFT_OPTIMIZATION_LEVEL = "-Onone";
			};
			name = Debug;
		};
		182AB0D91D40120200756E13 /* Release */ = {
			isa = XCBuildConfiguration;
			buildSettings = {
				ALWAYS_SEARCH_USER_PATHS = NO;
				CLANG_ANALYZER_NONNULL = YES;
				CLANG_CXX_LANGUAGE_STANDARD = "gnu++0x";
				CLANG_CXX_LIBRARY = "libc++";
				CLANG_ENABLE_MODULES = YES;
				CLANG_ENABLE_OBJC_ARC = YES;
				CLANG_WARN_BOOL_CONVERSION = YES;
				CLANG_WARN_CONSTANT_CONVERSION = YES;
				CLANG_WARN_DIRECT_OBJC_ISA_USAGE = YES_ERROR;
				CLANG_WARN_EMPTY_BODY = YES;
				CLANG_WARN_ENUM_CONVERSION = YES;
				CLANG_WARN_INT_CONVERSION = YES;
				CLANG_WARN_OBJC_ROOT_CLASS = YES_ERROR;
				CLANG_WARN_UNREACHABLE_CODE = YES;
				CLANG_WARN__DUPLICATE_METHOD_MATCH = YES;
				"CODE_SIGN_IDENTITY[sdk=iphoneos*]" = "iPhone Developer";
				COPY_PHASE_STRIP = NO;
				DEBUG_INFORMATION_FORMAT = "dwarf-with-dsym";
				ENABLE_NS_ASSERTIONS = NO;
				ENABLE_STRICT_OBJC_MSGSEND = YES;
				GCC_C_LANGUAGE_STANDARD = gnu99;
				GCC_NO_COMMON_BLOCKS = YES;
				GCC_WARN_64_TO_32_BIT_CONVERSION = YES;
				GCC_WARN_ABOUT_RETURN_TYPE = YES_ERROR;
				GCC_WARN_UNDECLARED_SELECTOR = YES;
				GCC_WARN_UNINITIALIZED_AUTOS = YES_AGGRESSIVE;
				GCC_WARN_UNUSED_FUNCTION = YES;
				GCC_WARN_UNUSED_VARIABLE = YES;
				IPHONEOS_DEPLOYMENT_TARGET = 9.3;
				MTL_ENABLE_DEBUG_INFO = NO;
				SDKROOT = iphoneos;
				VALIDATE_PRODUCT = YES;
			};
			name = Release;
		};
		182AB0DB1D40120200756E13 /* Debug */ = {
			isa = XCBuildConfiguration;
			buildSettings = {
				ASSETCATALOG_COMPILER_APPICON_NAME = AppIcon;
				INFOPLIST_FILE = PitchPerfect/Info.plist;
				LD_RUNPATH_SEARCH_PATHS = "$(inherited) @executable_path/Frameworks";
				PRODUCT_BUNDLE_IDENTIFIER = com.squirreltime.PitchPerfect;
				PRODUCT_NAME = "$(TARGET_NAME)";
			};
			name = Debug;
		};
		182AB0DC1D40120200756E13 /* Release */ = {
			isa = XCBuildConfiguration;
			buildSettings = {
				ASSETCATALOG_COMPILER_APPICON_NAME = AppIcon;
				INFOPLIST_FILE = PitchPerfect/Info.plist;
				LD_RUNPATH_SEARCH_PATHS = "$(inherited) @executable_path/Frameworks";
				PRODUCT_BUNDLE_IDENTIFIER = com.squirreltime.PitchPerfect;
				PRODUCT_NAME = "$(TARGET_NAME)";
			};
			name = Release;
		};
		182AB0DE1D40120200756E13 /* Debug */ = {
			isa = XCBuildConfiguration;
			buildSettings = {
				BUNDLE_LOADER = "$(TEST_HOST)";
				INFOPLIST_FILE = PitchPerfectTests/Info.plist;
				LD_RUNPATH_SEARCH_PATHS = "$(inherited) @executable_path/Frameworks @loader_path/Frameworks";
				PRODUCT_BUNDLE_IDENTIFIER = com.squirreltime.PitchPerfectTests;
				PRODUCT_NAME = "$(TARGET_NAME)";
				TEST_HOST = "$(BUILT_PRODUCTS_DIR)/PitchPerfect.app/PitchPerfect";
			};
			name = Debug;
		};
		182AB0DF1D40120200756E13 /* Release */ = {
			isa = XCBuildConfiguration;
			buildSettings = {
				BUNDLE_LOADER = "$(TEST_HOST)";
				INFOPLIST_FILE = PitchPerfectTests/Info.plist;
				LD_RUNPATH_SEARCH_PATHS = "$(inherited) @executable_path/Frameworks @loader_path/Frameworks";
				PRODUCT_BUNDLE_IDENTIFIER = com.squirreltime.PitchPerfectTests;
				PRODUCT_NAME = "$(TARGET_NAME)";
				TEST_HOST = "$(BUILT_PRODUCTS_DIR)/PitchPerfect.app/PitchPerfect";
			};
			name = Release;
		};
		182AB0E11D40120200756E13 /* Debug */ = {
			isa = XCBuildConfiguration;
			buildSettings = {
				INFOPLIST_FILE = PitchPerfectUITests/Info.plist;
				LD_RUNPATH_SEARCH_PATHS = "$(inherited) @executable_path/Frameworks @loader_path/Frameworks";
				PRODUCT_BUNDLE_IDENTIFIER = com.squirreltime.PitchPerfectUITests;
				PRODUCT_NAME = "$(TARGET_NAME)";
				TEST_TARGET_NAME = PitchPerfect;
			};
			name = Debug;
		};
		182AB0E21D40120200756E13 /* Release */ = {
			isa = XCBuildConfiguration;
			buildSettings = {
				INFOPLIST_FILE = PitchPerfectUITests/Info.plist;
				LD_RUNPATH_SEARCH_PATHS = "$(inherited) @executable_path/Frameworks @loader_path/Frameworks";
				PRODUCT_BUNDLE_IDENTIFIER = com.squirreltime.PitchPerfectUITests;
				PRODUCT_NAME = "$(TARGET_NAME)";
				TEST_TARGET_NAME = PitchPerfect;
			};
			name = Release;
		};
/* End XCBuildConfiguration section */

/* Begin XCConfigurationList section */
		182AB0AA1D40120200756E13 /* Build configuration list for PBXProject "PitchPerfect" */ = {
			isa = XCConfigurationList;
			buildConfigurations = (
				182AB0D81D40120200756E13 /* Debug */,
				182AB0D91D40120200756E13 /* Release */,
			);
			defaultConfigurationIsVisible = 0;
			defaultConfigurationName = Release;
		};
		182AB0DA1D40120200756E13 /* Build configuration list for PBXNativeTarget "PitchPerfect" */ = {
			isa = XCConfigurationList;
			buildConfigurations = (
				182AB0DB1D40120200756E13 /* Debug */,
				182AB0DC1D40120200756E13 /* Release */,
			);
			defaultConfigurationIsVisible = 0;
		};
		182AB0DD1D40120200756E13 /* Build configuration list for PBXNativeTarget "PitchPerfectTests" */ = {
			isa = XCConfigurationList;
			buildConfigurations = (
				182AB0DE1D40120200756E13 /* Debug */,
				182AB0DF1D40120200756E13 /* Release */,
			);
			defaultConfigurationIsVisible = 0;
		};
		182AB0E01D40120200756E13 /* Build configuration list for PBXNativeTarget "PitchPerfectUITests" */ = {
			isa = XCConfigurationList;
			buildConfigurations = (
				182AB0E11D40120200756E13 /* Debug */,
				182AB0E21D40120200756E13 /* Release */,
			);
			defaultConfigurationIsVisible = 0;
		};
/* End XCConfigurationList section */

/* Begin XCVersionGroup section */
		182AB0B91D40120200756E13 /* PitchPerfect.xcdatamodeld */ = {
			isa = XCVersionGroup;
			children = (
				182AB0BA1D40120200756E13 /* PitchPerfect.xcdatamodel */,
			);
			currentVersion = 182AB0BA1D40120200756E13 /* PitchPerfect.xcdatamodel */;
			path = PitchPerfect.xcdatamodeld;
			sourceTree = "<group>";
			versionGroupType = wrapper.xcdatamodel;
		};
/* End XCVersionGroup section */
	};
	rootObject = 182AB0A71D40120200756E13 /* Project object */;
}
